version: 1.0
shards:
  cr_chainable_methods:
    github: akitaonrails/cr_chainable_methods
    commit: 5198f50c8a057fabc8a0e071e6529ad66fa19c11

  fiberpool:
    github: akitaonrails/fiberpool
    commit: 83b5bef6698163a5ff970818a225e061a2817f3d

  webmock:
    github: manastech/webmock.cr
    commit: 3d17dfc1976826bd37d06fff9869e260483e4839

