version: 1.0
shards:
  cr_chainable_methods:
    github: akitaonrails/cr_chainable_methods
    commit: 03ab9f10ec79fab9840c01cc87738733dc5f3588

  fiberpool:
    github: akitaonrails/fiberpool
    commit: 9a7f2cf370800e016fc8d79df0395bc990ce63ad

  webmock:
    github: manastech/webmock.cr
    commit: 3d17dfc1976826bd37d06fff9869e260483e4839

