version: 1.0
shards:
  cr_chainable_methods:
    github: akitaonrails/cr_chainable_methods
    commit: 126efd009b45c733171aaa3b305e304813647481

  fiberpool:
    github: akitaonrails/fiberpool
    commit: 9970be3f1e2980ebf89a734b39d20fa71a4aea3c

  webmock:
    github: manastech/webmock.cr
    commit: 572df058727b817b6931364fe4b115a00356281a

